
Microsoft Visual Studio Solution File, Format Version 12.00
# Visual Studio Version 17
VisualStudioVersion = 17.0.31903.59
MinimumVisualStudioVersion = 10.0.40219.1
Project("{2150E333-8FDC-42A3-9474-1A3956D46DE8}") = "src", "src", "{827E0CD3-B72D-47B6-A68D-7590B98EB39B}"
EndProject
Project("{FAE04EC0-301F-11D3-BF4B-00C04F79EFBC}") = "AIO3.Core", "src\AIO3.Core\AIO3.Core.csproj", "{2747187E-5072-4A88-9B9A-648F295A3F02}"
EndProject
Project("{FAE04EC0-301F-11D3-BF4B-00C04F79EFBC}") = "AIO3", "src\AIO3\AIO3.csproj", "{CCCC4980-1B38-4828-8AE7-0318A35F34CA}"
EndProject
Project("{FAE04EC0-301F-11D3-BF4B-00C04F79EFBC}") = "AIO3.Tests", "tests\AIO3.Tests\AIO3.Tests.csproj", "{398B8152-369F-4961-B93E-961A3F812EDB}"
EndProject
Global
	GlobalSection(SolutionConfigurationPlatforms) = preSolution
		Debug|Any CPU = Debug|Any CPU
		Debug|x64 = Debug|x64
		Debug|x86 = Debug|x86
		Release|Any CPU = Release|Any CPU
		Release|x64 = Release|x64
		Release|x86 = Release|x86
	EndGlobalSection
	GlobalSection(ProjectConfigurationPlatforms) = postSolution
		{2747187E-5072-4A88-9B9A-648F295A3F02}.Debug|Any CPU.ActiveCfg = Debug|Any CPU
		{2747187E-5072-4A88-9B9A-648F295A3F02}.Debug|Any CPU.Build.0 = Debug|Any CPU
		{2747187E-5072-4A88-9B9A-648F295A3F02}.Debug|x64.ActiveCfg = Debug|Any CPU
		{2747187E-5072-4A88-9B9A-648F295A3F02}.Debug|x64.Build.0 = Debug|Any CPU
		{2747187E-5072-4A88-9B9A-648F295A3F02}.Debug|x86.ActiveCfg = Debug|Any CPU
		{2747187E-5072-4A88-9B9A-648F295A3F02}.Debug|x86.Build.0 = Debug|Any CPU
		{2747187E-5072-4A88-9B9A-648F295A3F02}.Release|Any CPU.ActiveCfg = Release|Any CPU
		{2747187E-5072-4A88-9B9A-648F295A3F02}.Release|Any CPU.Build.0 = Release|Any CPU
		{2747187E-5072-4A88-9B9A-648F295A3F02}.Release|x64.ActiveCfg = Release|Any CPU
		{2747187E-5072-4A88-9B9A-648F295A3F02}.Release|x64.Build.0 = Release|Any CPU
		{2747187E-5072-4A88-9B9A-648F295A3F02}.Release|x86.ActiveCfg = Release|Any CPU
		{2747187E-5072-4A88-9B9A-648F295A3F02}.Release|x86.Build.0 = Release|Any CPU
		{CCCC4980-1B38-4828-8AE7-0318A35F34CA}.Debug|Any CPU.ActiveCfg = Debug|Any CPU
		{CCCC4980-1B38-4828-8AE7-0318A35F34CA}.Debug|Any CPU.Build.0 = Debug|Any CPU
		{CCCC4980-1B38-4828-8AE7-0318A35F34CA}.Debug|x64.ActiveCfg = Debug|Any CPU
		{CCCC4980-1B38-4828-8AE7-0318A35F34CA}.Debug|x64.Build.0 = Debug|Any CPU
		{CCCC4980-1B38-4828-8AE7-0318A35F34CA}.Debug|x86.ActiveCfg = Debug|Any CPU
		{CCCC4980-1B38-4828-8AE7-0318A35F34CA}.Debug|x86.Build.0 = Debug|Any CPU
		{CCCC4980-1B38-4828-8AE7-0318A35F34CA}.Release|Any CPU.ActiveCfg = Release|Any CPU
		{CCCC4980-1B38-4828-8AE7-0318A35F34CA}.Release|Any CPU.Build.0 = Release|Any CPU
		{CCCC4980-1B38-4828-8AE7-0318A35F34CA}.Release|x64.ActiveCfg = Release|Any CPU
		{CCCC4980-1B38-4828-8AE7-0318A35F34CA}.Release|x64.Build.0 = Release|Any CPU
		{CCCC4980-1B38-4828-8AE7-0318A35F34CA}.Release|x86.ActiveCfg = Release|Any CPU
		{CCCC4980-1B38-4828-8AE7-0318A35F34CA}.Release|x86.Build.0 = Release|Any CPU
		{398B8152-369F-4961-B93E-961A3F812EDB}.Debug|Any CPU.ActiveCfg = Debug|Any CPU
		{398B8152-369F-4961-B93E-961A3F812EDB}.Debug|Any CPU.Build.0 = Debug|Any CPU
		{398B8152-369F-4961-B93E-961A3F812EDB}.Debug|x64.ActiveCfg = Debug|Any CPU
		{398B8152-369F-4961-B93E-961A3F812EDB}.Debug|x64.Build.0 = Debug|Any CPU
		{398B8152-369F-4961-B93E-961A3F812EDB}.Debug|x86.ActiveCfg = Debug|Any CPU
		{398B8152-369F-4961-B93E-961A3F812EDB}.Debug|x86.Build.0 = Debug|Any CPU
		{398B8152-369F-4961-B93E-961A3F812EDB}.Release|Any CPU.ActiveCfg = Release|Any CPU
		{398B8152-369F-4961-B93E-961A3F812EDB}.Release|Any CPU.Build.0 = Release|Any CPU
		{398B8152-369F-4961-B93E-961A3F812EDB}.Release|x64.ActiveCfg = Release|Any CPU
		{398B8152-369F-4961-B93E-961A3F812EDB}.Release|x64.Build.0 = Release|Any CPU
		{398B8152-369F-4961-B93E-961A3F812EDB}.Release|x86.ActiveCfg = Release|Any CPU
		{398B8152-369F-4961-B93E-961A3F812EDB}.Release|x86.Build.0 = Release|Any CPU
	EndGlobalSection
	GlobalSection(SolutionProperties) = preSolution
		HideSolutionNode = FALSE
	EndGlobalSection
	GlobalSection(NestedProjects) = preSolution
		{2747187E-5072-4A88-9B9A-648F295A3F02} = {827E0CD3-B72D-47B6-A68D-7590B98EB39B}
		{CCCC4980-1B38-4828-8AE7-0318A35F34CA} = {827E0CD3-B72D-47B6-A68D-7590B98EB39B}
		{398B8152-369F-4961-B93E-961A3F812EDB} = {827E0CD3-B72D-47B6-A68D-7590B98EB39B}
	EndGlobalSection
EndGlobal
